# THIS IS AN AUTOGENERATED FILE. DO NOT EDIT THIS FILE DIRECTLY.
# yarn lockfile v1


react-native-beautiful-video-recorder@phuochau/react-native-beautiful-video-recorder:
  version "1.2.0"
  resolved "https://codeload.github.com/phuochau/react-native-beautiful-video-recorder/tar.gz/55e2d46a8ac0740a8b0b18b4c5c3dab239a6c26e"
